// !$*UTF8*$!
{
	archiveVersion = 1;
	classes = {
	};
	objectVersion = 50;
	objects = {

/* Begin PBXBuildFile section */
		DA0AD09921BD419300A3046B /* Levels.plist in Resources */ = {isa = PBXBuildFile; fileRef = DA0AD09821BD419300A3046B /* Levels.plist */; };
		DA2C959521B58B2B000920BE /* AppDelegate.swift in Sources */ = {isa = PBXBuildFile; fileRef = DA2C959421B58B2B000920BE /* AppDelegate.swift */; };
		DA2C959721B58B2B000920BE /* ViewController.swift in Sources */ = {isa = PBXBuildFile; fileRef = DA2C959621B58B2B000920BE /* ViewController.swift */; };
		DA2C959A21B58B2B000920BE /* Main.storyboard in Resources */ = {isa = PBXBuildFile; fileRef = DA2C959821B58B2B000920BE /* Main.storyboard */; };
		DA2C959D21B58B2B000920BE /* LittleHopper.xcdatamodeld in Sources */ = {isa = PBXBuildFile; fileRef = DA2C959B21B58B2B000920BE /* LittleHopper.xcdatamodeld */; };
		DA2C959F21B58B2E000920BE /* Assets.xcassets in Resources */ = {isa = PBXBuildFile; fileRef = DA2C959E21B58B2E000920BE /* Assets.xcassets */; };
		DA2C95A221B58B2E000920BE /* LaunchScreen.storyboard in Resources */ = {isa = PBXBuildFile; fileRef = DA2C95A021B58B2E000920BE /* LaunchScreen.storyboard */; };
		DA2C95AB21B5A3A6000920BE /* ViewDesignable.swift in Sources */ = {isa = PBXBuildFile; fileRef = DA2C95AA21B5A3A6000920BE /* ViewDesignable.swift */; };
		DA2C95AD21B5A471000920BE /* ButtonDesignable.swift in Sources */ = {isa = PBXBuildFile; fileRef = DA2C95AC21B5A471000920BE /* ButtonDesignable.swift */; };
		DAF88B2521BBF8C9002DBC53 /* GameViewController.swift in Sources */ = {isa = PBXBuildFile; fileRef = DAF88B2421BBF8C9002DBC53 /* GameViewController.swift */; };
/* End PBXBuildFile section */

/* Begin PBXFileReference section */
		DA0AD09821BD419300A3046B /* Levels.plist */ = {isa = PBXFileReference; lastKnownFileType = text.plist.xml; path = Levels.plist; sourceTree = "<group>"; };
		DA2C959121B58B2B000920BE /* LittleHopper.app */ = {isa = PBXFileReference; explicitFileType = wrapper.application; includeInIndex = 0; path = LittleHopper.app; sourceTree = BUILT_PRODUCTS_DIR; };
		DA2C959421B58B2B000920BE /* AppDelegate.swift */ = {isa = PBXFileReference; lastKnownFileType = sourcecode.swift; path = AppDelegate.swift; sourceTree = "<group>"; };
		DA2C959621B58B2B000920BE /* ViewController.swift */ = {isa = PBXFileReference; lastKnownFileType = sourcecode.swift; path = ViewController.swift; sourceTree = "<group>"; };
		DA2C959921B58B2B000920BE /* Base */ = {isa = PBXFileReference; lastKnownFileType = file.storyboard; name = Base; path = Base.lproj/Main.storyboard; sourceTree = "<group>"; };
		DA2C959C21B58B2B000920BE /* LittleHopper.xcdatamodel */ = {isa = PBXFileReference; lastKnownFileType = wrapper.xcdatamodel; path = LittleHopper.xcdatamodel; sourceTree = "<group>"; };
		DA2C959E21B58B2E000920BE /* Assets.xcassets */ = {isa = PBXFileReference; lastKnownFileType = folder.assetcatalog; path = Assets.xcassets; sourceTree = "<group>"; };
		DA2C95A121B58B2E000920BE /* Base */ = {isa = PBXFileReference; lastKnownFileType = file.storyboard; name = Base; path = Base.lproj/LaunchScreen.storyboard; sourceTree = "<group>"; };
		DA2C95A321B58B2E000920BE /* Info.plist */ = {isa = PBXFileReference; lastKnownFileType = text.plist.xml; path = Info.plist; sourceTree = "<group>"; };
		DA2C95AA21B5A3A6000920BE /* ViewDesignable.swift */ = {isa = PBXFileReference; lastKnownFileType = sourcecode.swift; path = ViewDesignable.swift; sourceTree = "<group>"; };
		DA2C95AC21B5A471000920BE /* ButtonDesignable.swift */ = {isa = PBXFileReference; lastKnownFileType = sourcecode.swift; path = ButtonDesignable.swift; sourceTree = "<group>"; };
		DAF88B2421BBF8C9002DBC53 /* GameViewController.swift */ = {isa = PBXFileReference; lastKnownFileType = sourcecode.swift; path = GameViewController.swift; sourceTree = "<group>"; };
/* End PBXFileReference section */

/* Begin PBXFrameworksBuildPhase section */
		DA2C958E21B58B2B000920BE /* Frameworks */ = {
			isa = PBXFrameworksBuildPhase;
			buildActionMask = 2147483647;
			files = (
			);
			runOnlyForDeploymentPostprocessing = 0;
		};
/* End PBXFrameworksBuildPhase section */

/* Begin PBXGroup section */
		DA0AD09521BD414B00A3046B /* ViewControllers */ = {
			isa = PBXGroup;
			children = (
				DAF88B2421BBF8C9002DBC53 /* GameViewController.swift */,
				DA2C959621B58B2B000920BE /* ViewController.swift */,
			);
			path = ViewControllers;
			sourceTree = "<group>";
		};
		DA0AD09621BD415F00A3046B /* Resources */ = {
			isa = PBXGroup;
			children = (
				DA2C959421B58B2B000920BE /* AppDelegate.swift */,
				DA2C959E21B58B2E000920BE /* Assets.xcassets */,
				DA0AD09821BD419300A3046B /* Levels.plist */,
			);
			path = Resources;
			sourceTree = "<group>";
		};
		DA0AD09721BD417300A3046B /* UILayout */ = {
			isa = PBXGroup;
			children = (
				DA2C95A021B58B2E000920BE /* LaunchScreen.storyboard */,
				DA2C959821B58B2B000920BE /* Main.storyboard */,
			);
			path = UILayout;
			sourceTree = "<group>";
		};
		DA2C958821B58B2B000920BE = {
			isa = PBXGroup;
			children = (
				DA2C959321B58B2B000920BE /* LittleHopper */,
				DA2C959221B58B2B000920BE /* Products */,
			);
			sourceTree = "<group>";
		};
		DA2C959221B58B2B000920BE /* Products */ = {
			isa = PBXGroup;
			children = (
				DA2C959121B58B2B000920BE /* LittleHopper.app */,
			);
			name = Products;
			sourceTree = "<group>";
		};
		DA2C959321B58B2B000920BE /* LittleHopper */ = {
			isa = PBXGroup;
			children = (
				DA0AD09721BD417300A3046B /* UILayout */,
				DA0AD09621BD415F00A3046B /* Resources */,
				DA0AD09521BD414B00A3046B /* ViewControllers */,
				DA2C95A921B5A2E3000920BE /* Designables */,
				DA2C95A321B58B2E000920BE /* Info.plist */,
				DA2C959B21B58B2B000920BE /* LittleHopper.xcdatamodeld */,
			);
			path = LittleHopper;
			sourceTree = "<group>";
		};
		DA2C95A921B5A2E3000920BE /* Designables */ = {
			isa = PBXGroup;
			children = (
				DA2C95AA21B5A3A6000920BE /* ViewDesignable.swift */,
				DA2C95AC21B5A471000920BE /* ButtonDesignable.swift */,
			);
			path = Designables;
			sourceTree = "<group>";
		};
/* End PBXGroup section */

/* Begin PBXNativeTarget section */
		DA2C959021B58B2B000920BE /* LittleHopper */ = {
			isa = PBXNativeTarget;
			buildConfigurationList = DA2C95A621B58B2E000920BE /* Build configuration list for PBXNativeTarget "LittleHopper" */;
			buildPhases = (
				DA2C958D21B58B2B000920BE /* Sources */,
				DA2C958E21B58B2B000920BE /* Frameworks */,
				DA2C958F21B58B2B000920BE /* Resources */,
			);
			buildRules = (
			);
			dependencies = (
			);
			name = LittleHopper;
			productName = LittleHopper;
			productReference = DA2C959121B58B2B000920BE /* LittleHopper.app */;
			productType = "com.apple.product-type.application";
		};
/* End PBXNativeTarget section */

/* Begin PBXProject section */
		DA2C958921B58B2B000920BE /* Project object */ = {
			isa = PBXProject;
			attributes = {
				LastSwiftUpdateCheck = 1010;
				LastUpgradeCheck = 1010;
				ORGANIZATIONNAME = "Shivhari Inc";
				TargetAttributes = {
					DA2C959021B58B2B000920BE = {
						CreatedOnToolsVersion = 10.1;
					};
				};
			};
			buildConfigurationList = DA2C958C21B58B2B000920BE /* Build configuration list for PBXProject "LittleHopper" */;
			compatibilityVersion = "Xcode 9.3";
			developmentRegion = en;
			hasScannedForEncodings = 0;
			knownRegions = (
				en,
				Base,
			);
			mainGroup = DA2C958821B58B2B000920BE;
			productRefGroup = DA2C959221B58B2B000920BE /* Products */;
			projectDirPath = "";
			projectRoot = "";
			targets = (
				DA2C959021B58B2B000920BE /* LittleHopper */,
			);
		};
/* End PBXProject section */

/* Begin PBXResourcesBuildPhase section */
		DA2C958F21B58B2B000920BE /* Resources */ = {
			isa = PBXResourcesBuildPhase;
			buildActionMask = 2147483647;
			files = (
				DA2C95A221B58B2E000920BE /* LaunchScreen.storyboard in Resources */,
				DA2C959F21B58B2E000920BE /* Assets.xcassets in Resources */,
				DA0AD09921BD419300A3046B /* Levels.plist in Resources */,
				DA2C959A21B58B2B000920BE /* Main.storyboard in Resources */,
			);
			runOnlyForDeploymentPostprocessing = 0;
		};
/* End PBXResourcesBuildPhase section */

/* Begin PBXSourcesBuildPhase section */
		DA2C958D21B58B2B000920BE /* Sources */ = {
			isa = PBXSourcesBuildPhase;
			buildActionMask = 2147483647;
			files = (
				DA2C95AB21B5A3A6000920BE /* ViewDesignable.swift in Sources */,
				DA2C959721B58B2B000920BE /* ViewController.swift in Sources */,
				DA2C959521B58B2B000920BE /* AppDelegate.swift in Sources */,
				DA2C95AD21B5A471000920BE /* ButtonDesignable.swift in Sources */,
				DAF88B2521BBF8C9002DBC53 /* GameViewController.swift in Sources */,
				DA2C959D21B58B2B000920BE /* LittleHopper.xcdatamodeld in Sources */,
			);
			runOnlyForDeploymentPostprocessing = 0;
		};
/* End PBXSourcesBuildPhase section */

/* Begin PBXVariantGroup section */
		DA2C959821B58B2B000920BE /* Main.storyboard */ = {
			isa = PBXVariantGroup;
			children = (
				DA2C959921B58B2B000920BE /* Base */,
			);
			name = Main.storyboard;
			sourceTree = "<group>";
		};
		DA2C95A021B58B2E000920BE /* LaunchScreen.storyboard */ = {
			isa = PBXVariantGroup;
			children = (
				DA2C95A121B58B2E000920BE /* Base */,
			);
			name = LaunchScreen.storyboard;
			sourceTree = "<group>";
		};
/* End PBXVariantGroup section */

/* Begin XCBuildConfiguration section */
		DA2C95A421B58B2E000920BE /* Debug */ = {
			isa = XCBuildConfiguration;
			buildSettings = {
				ALWAYS_SEARCH_USER_PATHS = NO;
				CLANG_ANALYZER_NONNULL = YES;
				CLANG_ANALYZER_NUMBER_OBJECT_CONVERSION = YES_AGGRESSIVE;
				CLANG_CXX_LANGUAGE_STANDARD = "gnu++14";
				CLANG_CXX_LIBRARY = "libc++";
				CLANG_ENABLE_MODULES = YES;
				CLANG_ENABLE_OBJC_ARC = YES;
				CLANG_ENABLE_OBJC_WEAK = YES;
				CLANG_WARN_BLOCK_CAPTURE_AUTORELEASING = YES;
				CLANG_WARN_BOOL_CONVERSION = YES;
				CLANG_WARN_COMMA = YES;
				CLANG_WARN_CONSTANT_CONVERSION = YES;
				CLANG_WARN_DEPRECATED_OBJC_IMPLEMENTATIONS = YES;
				CLANG_WARN_DIRECT_OBJC_ISA_USAGE = YES_ERROR;
				CLANG_WARN_DOCUMENTATION_COMMENTS = YES;
				CLANG_WARN_EMPTY_BODY = YES;
				CLANG_WARN_ENUM_CONVERSION = YES;
				CLANG_WARN_INFINITE_RECURSION = YES;
				CLANG_WARN_INT_CONVERSION = YES;
				CLANG_WARN_NON_LITERAL_NULL_CONVERSION = YES;
				CLANG_WARN_OBJC_IMPLICIT_RETAIN_SELF = YES;
				CLANG_WARN_OBJC_LITERAL_CONVERSION = YES;
				CLANG_WARN_OBJC_ROOT_CLASS = YES_ERROR;
				CLANG_WARN_RANGE_LOOP_ANALYSIS = YES;
				CLANG_WARN_STRICT_PROTOTYPES = YES;
				CLANG_WARN_SUSPICIOUS_MOVE = YES;
				CLANG_WARN_UNGUARDED_AVAILABILITY = YES_AGGRESSIVE;
				CLANG_WARN_UNREACHABLE_CODE = YES;
				CLANG_WARN__DUPLICATE_METHOD_MATCH = YES;
				CODE_SIGN_IDENTITY = "iPhone Developer";
				COPY_PHASE_STRIP = NO;
				DEBUG_INFORMATION_FORMAT = dwarf;
				ENABLE_STRICT_OBJC_MSGSEND = YES;
				ENABLE_TESTABILITY = YES;
				GCC_C_LANGUAGE_STANDARD = gnu11;
				GCC_DYNAMIC_NO_PIC = NO;
				GCC_NO_COMMON_BLOCKS = YES;
				GCC_OPTIMIZATION_LEVEL = 0;
				GCC_PREPROCESSOR_DEFINITIONS = (
					"DEBUG=1",
					"$(inherited)",
				);
				GCC_WARN_64_TO_32_BIT_CONVERSION = YES;
				GCC_WARN_ABOUT_RETURN_TYPE = YES_ERROR;
				GCC_WARN_UNDECLARED_SELECTOR = YES;
				GCC_WARN_UNINITIALIZED_AUTOS = YES_AGGRESSIVE;
				GCC_WARN_UNUSED_FUNCTION = YES;
				GCC_WARN_UNUSED_VARIABLE = YES;
				IPHONEOS_DEPLOYMENT_TARGET = 12.1;
				MTL_ENABLE_DEBUG_INFO = INCLUDE_SOURCE;
				MTL_FAST_MATH = YES;
				ONLY_ACTIVE_ARCH = YES;
				SDKROOT = iphoneos;
				SWIFT_ACTIVE_COMPILATION_CONDITIONS = DEBUG;
				SWIFT_OPTIMIZATION_LEVEL = "-Onone";
			};
			name = Debug;
		};
		DA2C95A521B58B2E000920BE /* Release */ = {
			isa = XCBuildConfiguration;
			buildSettings = {
				ALWAYS_SEARCH_USER_PATHS = NO;
				CLANG_ANALYZER_NONNULL = YES;
				CLANG_ANALYZER_NUMBER_OBJECT_CONVERSION = YES_AGGRESSIVE;
				CLANG_CXX_LANGUAGE_STANDARD = "gnu++14";
				CLANG_CXX_LIBRARY = "libc++";
				CLANG_ENABLE_MODULES = YES;
				CLANG_ENABLE_OBJC_ARC = YES;
				CLANG_ENABLE_OBJC_WEAK = YES;
				CLANG_WARN_BLOCK_CAPTURE_AUTORELEASING = YES;
				CLANG_WARN_BOOL_CONVERSION = YES;
				CLANG_WARN_COMMA = YES;
				CLANG_WARN_CONSTANT_CONVERSION = YES;
				CLANG_WARN_DEPRECATED_OBJC_IMPLEMENTATIONS = YES;
				CLANG_WARN_DIRECT_OBJC_ISA_USAGE = YES_ERROR;
				CLANG_WARN_DOCUMENTATION_COMMENTS = YES;
				CLANG_WARN_EMPTY_BODY = YES;
				CLANG_WARN_ENUM_CONVERSION = YES;
				CLANG_WARN_INFINITE_RECURSION = YES;
				CLANG_WARN_INT_CONVERSION = YES;
				CLANG_WARN_NON_LITERAL_NULL_CONVERSION = YES;
				CLANG_WARN_OBJC_IMPLICIT_RETAIN_SELF = YES;
				CLANG_WARN_OBJC_LITERAL_CONVERSION = YES;
				CLANG_WARN_OBJC_ROOT_CLASS = YES_ERROR;
				CLANG_WARN_RANGE_LOOP_ANALYSIS = YES;
				CLANG_WARN_STRICT_PROTOTYPES = YES;
				CLANG_WARN_SUSPICIOUS_MOVE = YES;
				CLANG_WARN_UNGUARDED_AVAILABILITY = YES_AGGRESSIVE;
				CLANG_WARN_UNREACHABLE_CODE = YES;
				CLANG_WARN__DUPLICATE_METHOD_MATCH = YES;
				CODE_SIGN_IDENTITY = "iPhone Developer";
				COPY_PHASE_STRIP = NO;
				DEBUG_INFORMATION_FORMAT = "dwarf-with-dsym";
				ENABLE_NS_ASSERTIONS = NO;
				ENABLE_STRICT_OBJC_MSGSEND = YES;
				GCC_C_LANGUAGE_STANDARD = gnu11;
				GCC_NO_COMMON_BLOCKS = YES;
				GCC_WARN_64_TO_32_BIT_CONVERSION = YES;
				GCC_WARN_ABOUT_RETURN_TYPE = YES_ERROR;
				GCC_WARN_UNDECLARED_SELECTOR = YES;
				GCC_WARN_UNINITIALIZED_AUTOS = YES_AGGRESSIVE;
				GCC_WARN_UNUSED_FUNCTION = YES;
				GCC_WARN_UNUSED_VARIABLE = YES;
				IPHONEOS_DEPLOYMENT_TARGET = 12.1;
				MTL_ENABLE_DEBUG_INFO = NO;
				MTL_FAST_MATH = YES;
				SDKROOT = iphoneos;
				SWIFT_COMPILATION_MODE = wholemodule;
				SWIFT_OPTIMIZATION_LEVEL = "-O";
				VALIDATE_PRODUCT = YES;
			};
			name = Release;
		};
		DA2C95A721B58B2E000920BE /* Debug */ = {
			isa = XCBuildConfiguration;
			buildSettings = {
				ASSETCATALOG_COMPILER_APPICON_NAME = AppIcon;
				CODE_SIGN_STYLE = Automatic;
				DEVELOPMENT_TEAM = ZHF752NSR5;
				INFOPLIST_FILE = LittleHopper/Info.plist;
				LD_RUNPATH_SEARCH_PATHS = (
					"$(inherited)",
					"@executable_path/Frameworks",
				);
				PRODUCT_BUNDLE_IDENTIFIER = com.shivhari.richa.LittleHopper;
				PRODUCT_NAME = "$(TARGET_NAME)";
				SWIFT_VERSION = 4.2;
				TARGETED_DEVICE_FAMILY = "1,2";
			};
			name = Debug;
		};
		DA2C95A821B58B2E000920BE /* Release */ = {
			isa = XCBuildConfiguration;
			buildSettings = {
				ASSETCATALOG_COMPILER_APPICON_NAME = AppIcon;
				CODE_SIGN_STYLE = Automatic;
				DEVELOPMENT_TEAM = ZHF752NSR5;
				INFOPLIST_FILE = LittleHopper/Info.plist;
				LD_RUNPATH_SEARCH_PATHS = (
					"$(inherited)",
					"@executable_path/Frameworks",
				);
				PRODUCT_BUNDLE_IDENTIFIER = com.shivhari.richa.LittleHopper;
				PRODUCT_NAME = "$(TARGET_NAME)";
				SWIFT_VERSION = 4.2;
				TARGETED_DEVICE_FAMILY = "1,2";
			};
			name = Release;
		};
/* End XCBuildConfiguration section */

/* Begin XCConfigurationList section */
		DA2C958C21B58B2B000920BE /* Build configuration list for PBXProject "LittleHopper" */ = {
			isa = XCConfigurationList;
			buildConfigurations = (
				DA2C95A421B58B2E000920BE /* Debug */,
				DA2C95A521B58B2E000920BE /* Release */,
			);
			defaultConfigurationIsVisible = 0;
			defaultConfigurationName = Release;
		};
		DA2C95A621B58B2E000920BE /* Build configuration list for PBXNativeTarget "LittleHopper" */ = {
			isa = XCConfigurationList;
			buildConfigurations = (
				DA2C95A721B58B2E000920BE /* Debug */,
				DA2C95A821B58B2E000920BE /* Release */,
			);
			defaultConfigurationIsVisible = 0;
			defaultConfigurationName = Release;
		};
/* End XCConfigurationList section */

/* Begin XCVersionGroup section */
		DA2C959B21B58B2B000920BE /* LittleHopper.xcdatamodeld */ = {
			isa = XCVersionGroup;
			children = (
				DA2C959C21B58B2B000920BE /* LittleHopper.xcdatamodel */,
			);
			currentVersion = DA2C959C21B58B2B000920BE /* LittleHopper.xcdatamodel */;
			path = LittleHopper.xcdatamodeld;
			sourceTree = "<group>";
			versionGroupType = wrapper.xcdatamodel;
		};
/* End XCVersionGroup section */
	};
	rootObject = DA2C958921B58B2B000920BE /* Project object */;
}
